<?xml version="1.0" encoding="utf-8"?>
<Project ToolsVersion="4.0" xmlns="http://schemas.microsoft.com/developer/msbuild/2003">
  <ItemGroup>
    <Filter Include="Source Files">
      <UniqueIdentifier>{4FC737F1-C7A5-4376-A066-2A32D752A2FF}</UniqueIdentifier>
      <Extensions>cpp;c;cc;cxx;def;odl;idl;hpj;bat;asm;asmx</Extensions>
    </Filter>
    <Filter Include="Header Files">
      <UniqueIdentifier>{93995380-89BD-4b04-88EB-625FBE52EBFB}</UniqueIdentifier>
      <Extensions>h;hh;hpp;hxx;hm;inl;inc;xsd</Extensions>
    </Filter>
    <Filter Include="Resource Files">
      <UniqueIdentifier>{67DA6AB6-F800-4c08-8B7A-83BB121AAD01}</UniqueIdentifier>
      <Extensions>rc;ico;cur;bmp;dlg;rc2;rct;bin;rgs;gif;jpg;jpeg;jpe;resx;tiff;tif;png;wav;mfcribbon-ms</Extensions>
    </Filter>
    <Filter Include="Header Files\UnitySrc">
      <UniqueIdentifier>{aa673536-8e68-4a3a-b83b-e13bcec16398}</UniqueIdentifier>
    </Filter>
    <Filter Include="Source Files\TestFiles">
      <UniqueIdentifier>{8d954a55-b936-42b7-86d5-d1d798fd602d}</UniqueIdentifier>
    </Filter>
    <Filter Include="Source Files\UnitySrc">
      <UniqueIdentifier>{a8efe1bd-2e53-488c-baaa-11c510706e02}</UniqueIdentifier>
    </Filter>
  </ItemGroup>
  <ItemGroup>
    <Text Include="ReadMe.txt" />
  </ItemGroup>
  <ItemGroup>
    <ClCompile Include="main.c">
      <Filter>Source Files</Filter>
    </ClCompile>
    <ClCompile Include="UnityTestSrc\src\unity_fixture.c">
      <Filter>Source Files\UnitySrc</Filter>
    </ClCompile>
    <ClCompile Include="sprintTest.c">
      <Filter>Source Files\TestFiles</Filter>
    </ClCompile>
    <ClCompile Include="UnityTestSrc\src\unity.c">
      <Filter>Source Files\UnitySrc</Filter>
    </ClCompile>
    <ClCompile Include="UnityTests\src\LedDriverTest.c">
      <Filter>Source Files\TestFiles</Filter>
    </ClCompile>
    <ClCompile Include="UnityTests\src\_testRunner.c">
      <Filter>Source Files\TestFiles</Filter>
    </ClCompile>
    <ClCompile Include="LedDriver.c">
      <Filter>Source Files</Filter>
    </ClCompile>
    <ClCompile Include="RuntimeErrorStub.c">
      <Filter>Source Files</Filter>
    </ClCompile>
  </ItemGroup>
  <ItemGroup>
    <ClInclude Include="UnityTestSrc\h\unity.h">
      <Filter>Header Files\UnitySrc</Filter>
    </ClInclude>
    <ClInclude Include="UnityTestSrc\h\unity_fixture.h">
      <Filter>Header Files\UnitySrc</Filter>
    </ClInclude>
    <ClInclude Include="UnityTestSrc\h\unity_fixture_internals.h">
      <Filter>Header Files\UnitySrc</Filter>
    </ClInclude>
    <ClInclude Include="UnityTestSrc\h\unity_fixture_malloc_overrides.h">
      <Filter>Header Files\UnitySrc</Filter>
    </ClInclude>
    <ClInclude Include="UnityTestSrc\h\unity_internals.h">
      <Filter>Header Files\UnitySrc</Filter>
    </ClInclude>
    <ClInclude Include="RuntimeError.h">
      <Filter>Header Files</Filter>
    </ClInclude>
    <ClInclude Include="ledDriver.h">
      <Filter>Header Files</Filter>
    </ClInclude>
    <ClInclude Include="RuntimeErrorStub.h">
      <Filter>Header Files</Filter>
    </ClInclude>
  </ItemGroup>
</Project>